
Microsoft Visual Studio Solution File, Format Version 12.00
# Visual Studio Version 17
VisualStudioVersion = 17.0.31903.59
MinimumVisualStudioVersion = 10.0.40219.1
Project("{FAE04EC0-301F-11D3-BF4B-00C04F79EFBC}") = "CrackTheCode.Domain", "CrackTheCode.Domain\CrackTheCode.Domain.csproj", "{306BB156-6C84-4EF3-AE2D-CEEAF61F8172}"
EndProject
Project("{FAE04EC0-301F-11D3-BF4B-00C04F79EFBC}") = "CrackTheCode.Application", "CrackTheCode.Application\CrackTheCode.Application.csproj", "{13E27EF4-B819-4CC5-BB46-5572315021ED}"
EndProject
Project("{FAE04EC0-301F-11D3-BF4B-00C04F79EFBC}") = "CrackTheCode.Infrastructure", "CrackTheCode.Infrastructure\CrackTheCode.Infrastructure.csproj", "{2F190599-4AAF-46BF-A189-290D43BBE75F}"
EndProject
Project("{FAE04EC0-301F-11D3-BF4B-00C04F79EFBC}") = "CrackTheCode.Web", "CrackTheCode.Web\CrackTheCode.Web.csproj", "{06DA42CB-F22B-44B5-8F3D-22ECE89359DC}"
EndProject
Project("{FAE04EC0-301F-11D3-BF4B-00C04F79EFBC}") = "CrackTheCode.Tests", "CrackTheCode.Tests\CrackTheCode.Tests.csproj", "{15449831-594D-43F7-98DC-6408066C7DB0}"
EndProject
Global
	GlobalSection(SolutionConfigurationPlatforms) = preSolution
		Debug|Any CPU = Debug|Any CPU
		Release|Any CPU = Release|Any CPU
	EndGlobalSection
	GlobalSection(SolutionProperties) = preSolution
		HideSolutionNode = FALSE
	EndGlobalSection
	GlobalSection(ProjectConfigurationPlatforms) = postSolution
		{306BB156-6C84-4EF3-AE2D-CEEAF61F8172}.Debug|Any CPU.ActiveCfg = Debug|Any CPU
		{306BB156-6C84-4EF3-AE2D-CEEAF61F8172}.Debug|Any CPU.Build.0 = Debug|Any CPU
		{306BB156-6C84-4EF3-AE2D-CEEAF61F8172}.Release|Any CPU.ActiveCfg = Release|Any CPU
		{306BB156-6C84-4EF3-AE2D-CEEAF61F8172}.Release|Any CPU.Build.0 = Release|Any CPU
		{13E27EF4-B819-4CC5-BB46-5572315021ED}.Debug|Any CPU.ActiveCfg = Debug|Any CPU
		{13E27EF4-B819-4CC5-BB46-5572315021ED}.Debug|Any CPU.Build.0 = Debug|Any CPU
		{13E27EF4-B819-4CC5-BB46-5572315021ED}.Release|Any CPU.ActiveCfg = Release|Any CPU
		{13E27EF4-B819-4CC5-BB46-5572315021ED}.Release|Any CPU.Build.0 = Release|Any CPU
		{2F190599-4AAF-46BF-A189-290D43BBE75F}.Debug|Any CPU.ActiveCfg = Debug|Any CPU
		{2F190599-4AAF-46BF-A189-290D43BBE75F}.Debug|Any CPU.Build.0 = Debug|Any CPU
		{2F190599-4AAF-46BF-A189-290D43BBE75F}.Release|Any CPU.ActiveCfg = Release|Any CPU
		{2F190599-4AAF-46BF-A189-290D43BBE75F}.Release|Any CPU.Build.0 = Release|Any CPU
		{06DA42CB-F22B-44B5-8F3D-22ECE89359DC}.Debug|Any CPU.ActiveCfg = Debug|Any CPU
		{06DA42CB-F22B-44B5-8F3D-22ECE89359DC}.Debug|Any CPU.Build.0 = Debug|Any CPU
		{06DA42CB-F22B-44B5-8F3D-22ECE89359DC}.Release|Any CPU.ActiveCfg = Release|Any CPU
		{06DA42CB-F22B-44B5-8F3D-22ECE89359DC}.Release|Any CPU.Build.0 = Release|Any CPU
		{15449831-594D-43F7-98DC-6408066C7DB0}.Debug|Any CPU.ActiveCfg = Debug|Any CPU
		{15449831-594D-43F7-98DC-6408066C7DB0}.Debug|Any CPU.Build.0 = Debug|Any CPU
		{15449831-594D-43F7-98DC-6408066C7DB0}.Release|Any CPU.ActiveCfg = Release|Any CPU
		{15449831-594D-43F7-98DC-6408066C7DB0}.Release|Any CPU.Build.0 = Release|Any CPU
	EndGlobalSection
EndGlobal
